apiVersion: vendir.k14s.io/v1alpha1
directories:
- contents:
  - git:
      commitTitle: Update Contour Docker image to v1.4.0....
      sha: 0ef045ba773ee3defb91990affefd6050863ed8a
    path: contour
  - git:
      commitTitle: Update inlets OSS proxy version...
      sha: 09829da2db6ddd83332017378ba4b2da30f961e6
    path: inlets-operator
  - manual: {}
    path: nfs-client-provisioner
  path: vendor
- contents:
  - git:
      commitTitle: '[stable/nfs-client-provisioner] fix imagePullSecrets (#18442)...'
      sha: a0fcd60856902429e3369f243414233d2923122c
    path: .
  path: build/nfs-client-provisioner/_vendir
kind: LockConfig
