apiVersion: vendir.k14s.io/v1alpha1
directories:
- contents:
  - git:
      commitTitle: Update Contour Docker image to v1.4.0....
      sha: 0ef045ba773ee3defb91990affefd6050863ed8a
    path: contour
  - git:
      commitTitle: Update inlets OSS proxy version...
      sha: 09829da2db6ddd83332017378ba4b2da30f961e6
    path: inlets-operator
  - manual: {}
    path: nfs-client-provisioner
  - manual: {}
    path: kube-state-metrics
  path: vendor
- contents:
  - git:
      commitTitle: '[stable/nfs-client-provisioner] fix imagePullSecrets (#18442)...'
      sha: a0fcd60856902429e3369f243414233d2923122c
    path: .
  path: build/nfs-client-provisioner/_vendir
- contents:
  - git:
      commitTitle: '[stable/kube-state-metrics] Use apiGroup policy rather than extension
        for k8s > 1.15 in ClusterRole psp-kube-state-metrics (#21563)...'
      sha: 329944ed63ead692e3d6aa5081306aa57785da6f
    path: .
  path: build/kube-state-metrics/_vendir
kind: LockConfig
